
Microsoft Visual Studio Solution File, Format Version 12.00
# Visual Studio Version 17
VisualStudioVersion = 17.8.34330.188
MinimumVisualStudioVersion = 10.0.40219.1
Project("{FAE04EC0-301F-11D3-BF4B-00C04F79EFBC}") = "TipCalculator", "TipCalculator\TipCalculator.csproj", "{F89F9261-31EA-4FE3-B765-6DB2B043EFEC}"
EndProject
Global
	GlobalSection(SolutionConfigurationPlatforms) = preSolution
		Debug|Any CPU = Debug|Any CPU
		Release|Any CPU = Release|Any CPU
	EndGlobalSection
	GlobalSection(ProjectConfigurationPlatforms) = postSolution
		{F89F9261-31EA-4FE3-B765-6DB2B043EFEC}.Debug|Any CPU.ActiveCfg = Debug|Any CPU
		{F89F9261-31EA-4FE3-B765-6DB2B043EFEC}.Debug|Any CPU.Build.0 = Debug|Any CPU
		{F89F9261-31EA-4FE3-B765-6DB2B043EFEC}.Debug|Any CPU.Deploy.0 = Debug|Any CPU
		{F89F9261-31EA-4FE3-B765-6DB2B043EFEC}.Release|Any CPU.ActiveCfg = Release|Any CPU
		{F89F9261-31EA-4FE3-B765-6DB2B043EFEC}.Release|Any CPU.Build.0 = Release|Any CPU
		{F89F9261-31EA-4FE3-B765-6DB2B043EFEC}.Release|Any CPU.Deploy.0 = Release|Any CPU
	EndGlobalSection
	GlobalSection(SolutionProperties) = preSolution
		HideSolutionNode = FALSE
	EndGlobalSection
	GlobalSection(ExtensibilityGlobals) = postSolution
		SolutionGuid = {236CC5DA-2566-4D3B-AE2E-2D1EDA86FFC5}
	EndGlobalSection
EndGlobal
